
Microsoft Visual Studio Solution File, Format Version 12.00
# Visual Studio Version 16
VisualStudioVersion = 16.0.30413.136
MinimumVisualStudioVersion = 10.0.40219.1
Project("{9A19103F-16F7-4668-BE54-9A1E7A4F7556}") = "CarsProject", "CarsProject.csproj", "{17C42217-AC1D-40A4-80BF-6B28C5458FD2}"
EndProject
Project("{9A19103F-16F7-4668-BE54-9A1E7A4F7556}") = "CarsProject.Services", "..\CarsProject.Services\CarsProject.Services.csproj", "{6709D041-2F7B-4689-8361-F58A8BB750F8}"
EndProject
Project("{9A19103F-16F7-4668-BE54-9A1E7A4F7556}") = "CarsProject.Models", "..\CarsProject.Models\CarsProject.Models.csproj", "{839B6741-6FFF-477F-BF81-B28AC2FCFD51}"
EndProject
Project("{FAE04EC0-301F-11D3-BF4B-00C04F79EFBC}") = "CarsProject.Tests", "..\CarsProject.Tests\CarsProject.Tests.csproj", "{BD3498EE-5DBD-4F5E-BE0F-7BED35FFA564}"
EndProject
Global
	GlobalSection(SolutionConfigurationPlatforms) = preSolution
		Debug|Any CPU = Debug|Any CPU
		Release|Any CPU = Release|Any CPU
	EndGlobalSection
	GlobalSection(ProjectConfigurationPlatforms) = postSolution
		{17C42217-AC1D-40A4-80BF-6B28C5458FD2}.Debug|Any CPU.ActiveCfg = Debug|Any CPU
		{17C42217-AC1D-40A4-80BF-6B28C5458FD2}.Debug|Any CPU.Build.0 = Debug|Any CPU
		{17C42217-AC1D-40A4-80BF-6B28C5458FD2}.Release|Any CPU.ActiveCfg = Release|Any CPU
		{17C42217-AC1D-40A4-80BF-6B28C5458FD2}.Release|Any CPU.Build.0 = Release|Any CPU
		{6709D041-2F7B-4689-8361-F58A8BB750F8}.Debug|Any CPU.ActiveCfg = Debug|Any CPU
		{6709D041-2F7B-4689-8361-F58A8BB750F8}.Debug|Any CPU.Build.0 = Debug|Any CPU
		{6709D041-2F7B-4689-8361-F58A8BB750F8}.Release|Any CPU.ActiveCfg = Release|Any CPU
		{6709D041-2F7B-4689-8361-F58A8BB750F8}.Release|Any CPU.Build.0 = Release|Any CPU
		{839B6741-6FFF-477F-BF81-B28AC2FCFD51}.Debug|Any CPU.ActiveCfg = Debug|Any CPU
		{839B6741-6FFF-477F-BF81-B28AC2FCFD51}.Debug|Any CPU.Build.0 = Debug|Any CPU
		{839B6741-6FFF-477F-BF81-B28AC2FCFD51}.Release|Any CPU.ActiveCfg = Release|Any CPU
		{839B6741-6FFF-477F-BF81-B28AC2FCFD51}.Release|Any CPU.Build.0 = Release|Any CPU
		{BD3498EE-5DBD-4F5E-BE0F-7BED35FFA564}.Debug|Any CPU.ActiveCfg = Debug|Any CPU
		{BD3498EE-5DBD-4F5E-BE0F-7BED35FFA564}.Debug|Any CPU.Build.0 = Debug|Any CPU
		{BD3498EE-5DBD-4F5E-BE0F-7BED35FFA564}.Release|Any CPU.ActiveCfg = Release|Any CPU
		{BD3498EE-5DBD-4F5E-BE0F-7BED35FFA564}.Release|Any CPU.Build.0 = Release|Any CPU
	EndGlobalSection
	GlobalSection(SolutionProperties) = preSolution
		HideSolutionNode = FALSE
	EndGlobalSection
	GlobalSection(ExtensibilityGlobals) = postSolution
		SolutionGuid = {E8152B84-1846-432C-B50F-8AA70D1A6CF8}
	EndGlobalSection
EndGlobal
